
Microsoft Visual Studio Solution File, Format Version 12.00
# Visual Studio Version 17
VisualStudioVersion = 17.9.34902.65
MinimumVisualStudioVersion = 10.0.40219.1
Project("{2150E333-8FDC-42A3-9474-1A3956D46DE8}") = "Solution Items", "Solution Items", "{C3402294-C352-4F8A-85A9-7D4DCBF34011}"
	ProjectSection(SolutionItems) = preProject
		.gitattributes = .gitattributes
		.gitignore = .gitignore
		CONTRIBUTING.md = CONTRIBUTING.md
		LICENSE.md = LICENSE.md
		README.md = README.md
	EndProjectSection
EndProject
Project("{2150E333-8FDC-42A3-9474-1A3956D46DE8}") = "docs", "docs", "{C8D5274F-AC00-46C7-1F8D-E88E81087A52}"
	ProjectSection(SolutionItems) = preProject
		docs\communicate_apns.md = docs\communicate_apns.md
		docs\generate_auth_key.md = docs\generate_auth_key.md
		docs\http2handler.md = docs\http2handler.md
		docs\ROADMAP.md = docs\ROADMAP.md
		docs\TASK.md = docs\TASK.md
	EndProjectSection
EndProject
Project("{2150E333-8FDC-42A3-9474-1A3956D46DE8}") = "samples", "samples", "{6D352DB1-94CF-41AC-B334-07CC999667D6}"
EndProject
Project("{2150E333-8FDC-42A3-9474-1A3956D46DE8}") = "src", "src", "{B0817BAA-CD79-4597-8CF5-63C2C3341709}"
EndProject
Project("{FAE04EC0-301F-11D3-BF4B-00C04F79EFBC}") = "DotNet.Push.Sample", "samples\DotNet.Push.Sample\DotNet.Push.Sample.csproj", "{D6653328-E0C4-1157-98E7-786FAF39C6C7}"
EndProject
Project("{FAE04EC0-301F-11D3-BF4B-00C04F79EFBC}") = "DotNet.Push", "src\DotNet.Push\DotNet.Push.csproj", "{F68D99C7-2921-34CF-C0CE-6A39EA92DA2F}"
EndProject
Project("{FAE04EC0-301F-11D3-BF4B-00C04F79EFBC}") = "DotNet.Push.Maui", "samples\DotNet.Push.Maui\DotNet.Push.Maui.csproj", "{D6047B18-8E2E-57D9-FB25-104E628F480B}"
EndProject
Global
	GlobalSection(SolutionConfigurationPlatforms) = preSolution
		Debug|Any CPU = Debug|Any CPU
		Release|Any CPU = Release|Any CPU
	EndGlobalSection
	GlobalSection(ProjectConfigurationPlatforms) = postSolution
		{D6653328-E0C4-1157-98E7-786FAF39C6C7}.Debug|Any CPU.ActiveCfg = Debug|Any CPU
		{D6653328-E0C4-1157-98E7-786FAF39C6C7}.Debug|Any CPU.Build.0 = Debug|Any CPU
		{D6653328-E0C4-1157-98E7-786FAF39C6C7}.Release|Any CPU.ActiveCfg = Release|Any CPU
		{D6653328-E0C4-1157-98E7-786FAF39C6C7}.Release|Any CPU.Build.0 = Release|Any CPU
		{F68D99C7-2921-34CF-C0CE-6A39EA92DA2F}.Debug|Any CPU.ActiveCfg = Debug|Any CPU
		{F68D99C7-2921-34CF-C0CE-6A39EA92DA2F}.Debug|Any CPU.Build.0 = Debug|Any CPU
		{F68D99C7-2921-34CF-C0CE-6A39EA92DA2F}.Release|Any CPU.ActiveCfg = Release|Any CPU
		{F68D99C7-2921-34CF-C0CE-6A39EA92DA2F}.Release|Any CPU.Build.0 = Release|Any CPU
		{D6047B18-8E2E-57D9-FB25-104E628F480B}.Debug|Any CPU.ActiveCfg = Debug|Any CPU
		{D6047B18-8E2E-57D9-FB25-104E628F480B}.Release|Any CPU.ActiveCfg = Release|Any CPU
	EndGlobalSection
	GlobalSection(SolutionProperties) = preSolution
		HideSolutionNode = FALSE
	EndGlobalSection
	GlobalSection(NestedProjects) = preSolution
		{D6653328-E0C4-1157-98E7-786FAF39C6C7} = {6D352DB1-94CF-41AC-B334-07CC999667D6}
		{F68D99C7-2921-34CF-C0CE-6A39EA92DA2F} = {B0817BAA-CD79-4597-8CF5-63C2C3341709}
		{D6047B18-8E2E-57D9-FB25-104E628F480B} = {6D352DB1-94CF-41AC-B334-07CC999667D6}
	EndGlobalSection
	GlobalSection(ExtensibilityGlobals) = postSolution
		SolutionGuid = {197AC834-0F4F-4DE2-BF6A-388E2AC8CEA0}
	EndGlobalSection
EndGlobal
